
Microsoft Visual Studio Solution File, Format Version 12.00
# Visual Studio Version 17
VisualStudioVersion = 17.5.33627.172
MinimumVisualStudioVersion = 10.0.40219.1
Project("{2150E333-8FDC-42A3-9474-1A3956D46DE8}") = "1 - Apresentação", "1 - Apresentação", "{3E698C5F-6336-46E5-B0D8-07654FF0594D}"
EndProject
Project("{2150E333-8FDC-42A3-9474-1A3956D46DE8}") = "2 - Aplicação", "2 - Aplicação", "{1C3E3A5D-5182-40F7-BBED-5DD8970ACAD5}"
EndProject
Project("{2150E333-8FDC-42A3-9474-1A3956D46DE8}") = "3 - Domínio", "3 - Domínio", "{A987139C-AE09-446D-BF82-3E9B29DE91D6}"
EndProject
Project("{2150E333-8FDC-42A3-9474-1A3956D46DE8}") = "4 - Infra", "4 - Infra", "{FC31FF2E-E8F0-41F9-9DCD-574F4075D4FB}"
EndProject
Project("{2150E333-8FDC-42A3-9474-1A3956D46DE8}") = "5 - Testes", "5 - Testes", "{4092B4B5-7FF8-4079-8932-5C74990D04D7}"
EndProject
Project("{9A19103F-16F7-4668-BE54-9A1E7A4F7556}") = "LocadoraDeVeiculos.WinApp", "LocadoraDeVeiculos.WinApp\LocadoraDeVeiculos.WinApp.csproj", "{8EF09212-C612-4093-9993-76CDBBC15150}"
EndProject
Project("{9A19103F-16F7-4668-BE54-9A1E7A4F7556}") = "LocadoraDeVeiculos.Servico", "LocadoraDeVeiculos.Servico\LocadoraDeVeiculos.Servico.csproj", "{70EB3EE8-746C-48B4-B0F5-19D3E515FDFF}"
EndProject
Project("{9A19103F-16F7-4668-BE54-9A1E7A4F7556}") = "LocadoraDeVeiculos.Dominio", "LocadoraDeVeiculos.Dominio\LocadoraDeVeiculos.Dominio.csproj", "{B15AB59A-21AD-4813-973E-9CB9824E6815}"
EndProject
Project("{9A19103F-16F7-4668-BE54-9A1E7A4F7556}") = "LocadoraDeVeiculos.Infra", "LocadoraDeVeiculos.Infra\LocadoraDeVeiculos.Infra.csproj", "{2DC37ED6-479B-4F6D-81E1-887232915400}"
EndProject
Project("{2150E333-8FDC-42A3-9474-1A3956D46DE8}") = "5.1 - TestesUnitarios", "5.1 - TestesUnitarios", "{D23C649F-E547-4114-B1A6-7A8A0B270C66}"
EndProject
Project("{2150E333-8FDC-42A3-9474-1A3956D46DE8}") = "5.2 - TestesIntegracao", "5.2 - TestesIntegracao", "{37BD0DBF-6799-4BBC-8FB4-2DF64E926F65}"
EndProject
Project("{9A19103F-16F7-4668-BE54-9A1E7A4F7556}") = "LocadoraDeVeiculos.TestesUnitarios", "LocadoraDeVeiculos.TestesUnitarios\LocadoraDeVeiculos.TestesUnitarios.csproj", "{32DB51CD-2A79-43A7-8A4F-CE9F656B5D34}"
EndProject
Project("{9A19103F-16F7-4668-BE54-9A1E7A4F7556}") = "LocadoraDeVeiculos.TestesIntegracao", "LocadoraDeVeiculos.TestesIntegracao\LocadoraDeVeiculos.TestesIntegracao.csproj", "{CAD702FD-D95F-44D5-B007-1346B7BF28E0}"
EndProject
Project("{9A19103F-16F7-4668-BE54-9A1E7A4F7556}") = "LocadoraDeVeiculos.Infra.PrecosCombustiveis", "LocadoraDeVeiculos.Infra.PrecosCombustiveis\LocadoraDeVeiculos.Infra.PrecosCombustiveis.csproj", "{393158C9-D1C7-48F1-AE5B-6384EED06CFF}"
EndProject
Project("{2150E333-8FDC-42A3-9474-1A3956D46DE8}") = "4.1 - InfraJson", "4.1 - InfraJson", "{D5D69214-A499-48ED-850C-844CF3E103AB}"
EndProject
Project("{2150E333-8FDC-42A3-9474-1A3956D46DE8}") = "4.2 - InfraOrm", "4.2 - InfraOrm", "{DB8007BD-A8AA-428F-B3D9-F2F79C22E88F}"
EndProject
Project("{2150E333-8FDC-42A3-9474-1A3956D46DE8}") = "4.3 - InfraEmail", "4.3 - InfraEmail", "{7579F9D2-D8F5-4042-802E-AA8929C1BCA5}"
EndProject
Project("{9A19103F-16F7-4668-BE54-9A1E7A4F7556}") = "LocadoraDeVeiculos.InfraEmail", "LocadoraDeVeiculos.InfraEmail\LocadoraDeVeiculos.InfraEmail.csproj", "{287347BE-15A2-4E6B-8072-83BF9E902A08}"
EndProject
Global
	GlobalSection(SolutionConfigurationPlatforms) = preSolution
		Debug|Any CPU = Debug|Any CPU
		Release|Any CPU = Release|Any CPU
	EndGlobalSection
	GlobalSection(ProjectConfigurationPlatforms) = postSolution
		{8EF09212-C612-4093-9993-76CDBBC15150}.Debug|Any CPU.ActiveCfg = Debug|Any CPU
		{8EF09212-C612-4093-9993-76CDBBC15150}.Debug|Any CPU.Build.0 = Debug|Any CPU
		{8EF09212-C612-4093-9993-76CDBBC15150}.Release|Any CPU.ActiveCfg = Release|Any CPU
		{8EF09212-C612-4093-9993-76CDBBC15150}.Release|Any CPU.Build.0 = Release|Any CPU
		{70EB3EE8-746C-48B4-B0F5-19D3E515FDFF}.Debug|Any CPU.ActiveCfg = Debug|Any CPU
		{70EB3EE8-746C-48B4-B0F5-19D3E515FDFF}.Debug|Any CPU.Build.0 = Debug|Any CPU
		{70EB3EE8-746C-48B4-B0F5-19D3E515FDFF}.Release|Any CPU.ActiveCfg = Release|Any CPU
		{70EB3EE8-746C-48B4-B0F5-19D3E515FDFF}.Release|Any CPU.Build.0 = Release|Any CPU
		{B15AB59A-21AD-4813-973E-9CB9824E6815}.Debug|Any CPU.ActiveCfg = Debug|Any CPU
		{B15AB59A-21AD-4813-973E-9CB9824E6815}.Debug|Any CPU.Build.0 = Debug|Any CPU
		{B15AB59A-21AD-4813-973E-9CB9824E6815}.Release|Any CPU.ActiveCfg = Release|Any CPU
		{B15AB59A-21AD-4813-973E-9CB9824E6815}.Release|Any CPU.Build.0 = Release|Any CPU
		{2DC37ED6-479B-4F6D-81E1-887232915400}.Debug|Any CPU.ActiveCfg = Debug|Any CPU
		{2DC37ED6-479B-4F6D-81E1-887232915400}.Debug|Any CPU.Build.0 = Debug|Any CPU
		{2DC37ED6-479B-4F6D-81E1-887232915400}.Release|Any CPU.ActiveCfg = Release|Any CPU
		{2DC37ED6-479B-4F6D-81E1-887232915400}.Release|Any CPU.Build.0 = Release|Any CPU
		{32DB51CD-2A79-43A7-8A4F-CE9F656B5D34}.Debug|Any CPU.ActiveCfg = Debug|Any CPU
		{32DB51CD-2A79-43A7-8A4F-CE9F656B5D34}.Debug|Any CPU.Build.0 = Debug|Any CPU
		{32DB51CD-2A79-43A7-8A4F-CE9F656B5D34}.Release|Any CPU.ActiveCfg = Release|Any CPU
		{32DB51CD-2A79-43A7-8A4F-CE9F656B5D34}.Release|Any CPU.Build.0 = Release|Any CPU
		{CAD702FD-D95F-44D5-B007-1346B7BF28E0}.Debug|Any CPU.ActiveCfg = Debug|Any CPU
		{CAD702FD-D95F-44D5-B007-1346B7BF28E0}.Debug|Any CPU.Build.0 = Debug|Any CPU
		{CAD702FD-D95F-44D5-B007-1346B7BF28E0}.Release|Any CPU.ActiveCfg = Release|Any CPU
		{CAD702FD-D95F-44D5-B007-1346B7BF28E0}.Release|Any CPU.Build.0 = Release|Any CPU
		{393158C9-D1C7-48F1-AE5B-6384EED06CFF}.Debug|Any CPU.ActiveCfg = Debug|Any CPU
		{393158C9-D1C7-48F1-AE5B-6384EED06CFF}.Debug|Any CPU.Build.0 = Debug|Any CPU
		{393158C9-D1C7-48F1-AE5B-6384EED06CFF}.Release|Any CPU.ActiveCfg = Release|Any CPU
		{393158C9-D1C7-48F1-AE5B-6384EED06CFF}.Release|Any CPU.Build.0 = Release|Any CPU
		{287347BE-15A2-4E6B-8072-83BF9E902A08}.Debug|Any CPU.ActiveCfg = Debug|Any CPU
		{287347BE-15A2-4E6B-8072-83BF9E902A08}.Debug|Any CPU.Build.0 = Debug|Any CPU
		{287347BE-15A2-4E6B-8072-83BF9E902A08}.Release|Any CPU.ActiveCfg = Release|Any CPU
		{287347BE-15A2-4E6B-8072-83BF9E902A08}.Release|Any CPU.Build.0 = Release|Any CPU
	EndGlobalSection
	GlobalSection(SolutionProperties) = preSolution
		HideSolutionNode = FALSE
	EndGlobalSection
	GlobalSection(NestedProjects) = preSolution
		{8EF09212-C612-4093-9993-76CDBBC15150} = {3E698C5F-6336-46E5-B0D8-07654FF0594D}
		{70EB3EE8-746C-48B4-B0F5-19D3E515FDFF} = {1C3E3A5D-5182-40F7-BBED-5DD8970ACAD5}
		{B15AB59A-21AD-4813-973E-9CB9824E6815} = {A987139C-AE09-446D-BF82-3E9B29DE91D6}
		{2DC37ED6-479B-4F6D-81E1-887232915400} = {DB8007BD-A8AA-428F-B3D9-F2F79C22E88F}
		{D23C649F-E547-4114-B1A6-7A8A0B270C66} = {4092B4B5-7FF8-4079-8932-5C74990D04D7}
		{37BD0DBF-6799-4BBC-8FB4-2DF64E926F65} = {4092B4B5-7FF8-4079-8932-5C74990D04D7}
		{32DB51CD-2A79-43A7-8A4F-CE9F656B5D34} = {D23C649F-E547-4114-B1A6-7A8A0B270C66}
		{CAD702FD-D95F-44D5-B007-1346B7BF28E0} = {37BD0DBF-6799-4BBC-8FB4-2DF64E926F65}
		{393158C9-D1C7-48F1-AE5B-6384EED06CFF} = {D5D69214-A499-48ED-850C-844CF3E103AB}
		{D5D69214-A499-48ED-850C-844CF3E103AB} = {FC31FF2E-E8F0-41F9-9DCD-574F4075D4FB}
		{DB8007BD-A8AA-428F-B3D9-F2F79C22E88F} = {FC31FF2E-E8F0-41F9-9DCD-574F4075D4FB}
		{7579F9D2-D8F5-4042-802E-AA8929C1BCA5} = {FC31FF2E-E8F0-41F9-9DCD-574F4075D4FB}
		{287347BE-15A2-4E6B-8072-83BF9E902A08} = {7579F9D2-D8F5-4042-802E-AA8929C1BCA5}
	EndGlobalSection
	GlobalSection(ExtensibilityGlobals) = postSolution
		SolutionGuid = {7B1FEFEE-FBC9-42CF-925D-3E4BD121A90A}
	EndGlobalSection
EndGlobal
